
Microsoft Visual Studio Solution File, Format Version 12.00
# Visual Studio Version 16
VisualStudioVersion = 16.0.30907.101
MinimumVisualStudioVersion = 10.0.40219.1
Project("{FAE04EC0-301F-11D3-BF4B-00C04F79EFBC}") = "CoffeeShopOrder.ConsoleUI", "CoffeeShopOrder.ConsoleUI\CoffeeShopOrder.ConsoleUI.csproj", "{1069F03D-06A6-49E2-BB39-03A15C0F63A5}"
EndProject
Project("{FAE04EC0-301F-11D3-BF4B-00C04F79EFBC}") = "CoffeeShopOrder.Business", "CoffeeShopOrder.Business\CoffeeShopOrder.Business.csproj", "{A5046E84-7B33-44BD-9BEB-EC777D9F321E}"
EndProject
Project("{FAE04EC0-301F-11D3-BF4B-00C04F79EFBC}") = "CoffeeShopOrder.DAL", "CoffeeShopOrder.Core\CoffeeShopOrder.DAL.csproj", "{E29E17F8-4C29-4174-AC1E-A416E06585DE}"
EndProject
Project("{FAE04EC0-301F-11D3-BF4B-00C04F79EFBC}") = "CoffeeShopOrder.FormsUI", "CoffeeShopOrder.FormsUI\CoffeeShopOrder.FormsUI.csproj", "{D9AC8F4A-7D0F-445B-889E-5CEC979228BD}"
EndProject
Global
	GlobalSection(SolutionConfigurationPlatforms) = preSolution
		Debug|Any CPU = Debug|Any CPU
		Release|Any CPU = Release|Any CPU
	EndGlobalSection
	GlobalSection(ProjectConfigurationPlatforms) = postSolution
		{1069F03D-06A6-49E2-BB39-03A15C0F63A5}.Debug|Any CPU.ActiveCfg = Debug|Any CPU
		{1069F03D-06A6-49E2-BB39-03A15C0F63A5}.Debug|Any CPU.Build.0 = Debug|Any CPU
		{1069F03D-06A6-49E2-BB39-03A15C0F63A5}.Release|Any CPU.ActiveCfg = Release|Any CPU
		{1069F03D-06A6-49E2-BB39-03A15C0F63A5}.Release|Any CPU.Build.0 = Release|Any CPU
		{A5046E84-7B33-44BD-9BEB-EC777D9F321E}.Debug|Any CPU.ActiveCfg = Debug|Any CPU
		{A5046E84-7B33-44BD-9BEB-EC777D9F321E}.Debug|Any CPU.Build.0 = Debug|Any CPU
		{A5046E84-7B33-44BD-9BEB-EC777D9F321E}.Release|Any CPU.ActiveCfg = Release|Any CPU
		{A5046E84-7B33-44BD-9BEB-EC777D9F321E}.Release|Any CPU.Build.0 = Release|Any CPU
		{E29E17F8-4C29-4174-AC1E-A416E06585DE}.Debug|Any CPU.ActiveCfg = Debug|Any CPU
		{E29E17F8-4C29-4174-AC1E-A416E06585DE}.Debug|Any CPU.Build.0 = Debug|Any CPU
		{E29E17F8-4C29-4174-AC1E-A416E06585DE}.Release|Any CPU.ActiveCfg = Release|Any CPU
		{E29E17F8-4C29-4174-AC1E-A416E06585DE}.Release|Any CPU.Build.0 = Release|Any CPU
		{D9AC8F4A-7D0F-445B-889E-5CEC979228BD}.Debug|Any CPU.ActiveCfg = Debug|Any CPU
		{D9AC8F4A-7D0F-445B-889E-5CEC979228BD}.Debug|Any CPU.Build.0 = Debug|Any CPU
		{D9AC8F4A-7D0F-445B-889E-5CEC979228BD}.Release|Any CPU.ActiveCfg = Release|Any CPU
		{D9AC8F4A-7D0F-445B-889E-5CEC979228BD}.Release|Any CPU.Build.0 = Release|Any CPU
	EndGlobalSection
	GlobalSection(SolutionProperties) = preSolution
		HideSolutionNode = FALSE
	EndGlobalSection
	GlobalSection(ExtensibilityGlobals) = postSolution
		SolutionGuid = {39499D6C-C639-4C7D-8CB9-AE04FE3914E5}
	EndGlobalSection
EndGlobal
